
Microsoft Visual Studio Solution File, Format Version 12.00
# Visual Studio Version 17
VisualStudioVersion = 17.0.31903.59
MinimumVisualStudioVersion = 10.0.40219.1
Project("{FAE04EC0-301F-11D3-BF4B-00C04F79EFBC}") = "PPSDotNetInternshipTraining.AdoDotNetSample", "PPSDotNetInternshipTraining.AdoDotNetSample\PPSDotNetInternshipTraining.AdoDotNetSample.csproj", "{B68AE78F-E0A2-4FD3-B407-6148EBEC0779}"
EndProject
Project("{FAE04EC0-301F-11D3-BF4B-00C04F79EFBC}") = "PPSDotNetInternshipTraining.DapperSample", "PPSDotNetInternshipTraining.DapperSample\PPSDotNetInternshipTraining.DapperSample.csproj", "{7A0BC3B0-8A0A-4C85-9422-27F563E9E690}"
EndProject
Project("{FAE04EC0-301F-11D3-BF4B-00C04F79EFBC}") = "PPSDotNetInternshipTraining.WebApi", "PPSDotNetInternshipTraining.WebApi\PPSDotNetInternshipTraining.WebApi.csproj", "{8AB88BE3-5B21-4656-A3F8-2E2DCDCF7E1A}"
EndProject
Project("{FAE04EC0-301F-11D3-BF4B-00C04F79EFBC}") = "PPSDotNetInternshipTraining.EFCoreSample", "PPSDotNetInternshipTraining.EFCoreSample\PPSDotNetInternshipTraining.EFCoreSample.csproj", "{3FF24A18-B721-443B-A3D6-36C5507BCC72}"
EndProject
Project("{FAE04EC0-301F-11D3-BF4B-00C04F79EFBC}") = "PPSDotNetInternshipTraining.EFCoreSample2", "PPSDotNetInternshipTraining.EFCoreSample2\PPSDotNetInternshipTraining.EFCoreSample2.csproj", "{BDB238E3-42C4-4514-8BB6-18A82221B759}"
EndProject
Project("{FAE04EC0-301F-11D3-BF4B-00C04F79EFBC}") = "PPSDotNetInternshipTraining.EFCoreSample2.Database", "PPSDotNetInternshipTraining.EFCoreSample2.Database\PPSDotNetInternshipTraining.EFCoreSample2.Database.csproj", "{DF42EBD8-D03C-46C3-B7FF-1E59F786862B}"
EndProject
Project("{FAE04EC0-301F-11D3-BF4B-00C04F79EFBC}") = "PPSDotNetInternshipTraining.WebApi.Database", "PPSDotNetInternshipTraining.WebApi.Database\PPSDotNetInternshipTraining.WebApi.Database.csproj", "{A9BD7EF7-C53C-4491-B334-87C90469A961}"
EndProject
Project("{FAE04EC0-301F-11D3-BF4B-00C04F79EFBC}") = "PPSDotNetInternshipTraining.MvcApp", "PPSDotNetInternshipTraining.MvcApp\PPSDotNetInternshipTraining.MvcApp.csproj", "{C222684E-7542-415F-9A95-A5A13537010C}"
EndProject
Project("{FAE04EC0-301F-11D3-BF4B-00C04F79EFBC}") = "PPSDotNetInternshipTraining.ConsoleToAPI", "PPSDotNetInternshipTraining.ConsoleToAPI\PPSDotNetInternshipTraining.ConsoleToAPI.csproj", "{63BD4547-BFFF-4702-8748-63A70A7B0163}"
EndProject
Project("{FAE04EC0-301F-11D3-BF4B-00C04F79EFBC}") = "PPSDotNetInternshipTraining.MVCToAPI", "PPSDotNetInternshipTraining.MVCToAPI\PPSDotNetInternshipTraining.MVCToAPI.csproj", "{CD502605-2488-417A-BF36-C3AA8B577228}"
EndProject
Project("{FAE04EC0-301F-11D3-BF4B-00C04F79EFBC}") = "PPSDotNetInternshipTraining.MVCToAPI_RestSharp", "PPSDotNetInternshipTraining.MVCToAPI_RestSharp\PPSDotNetInternshipTraining.MVCToAPI_RestSharp.csproj", "{378A2E98-B7B5-4315-99CA-7B37633860F8}"
EndProject
Project("{FAE04EC0-301F-11D3-BF4B-00C04F79EFBC}") = "PPSDotNetInternshipTraining.MvcApp.Ajax", "PPSDotNetInternshipTraining.MvcApp.Ajax\PPSDotNetInternshipTraining.MvcApp.Ajax.csproj", "{7E46BBC3-4427-4B84-83F3-61FDB0BE473D}"
EndProject
Project("{FAE04EC0-301F-11D3-BF4B-00C04F79EFBC}") = "PPSDotNetInternshipTraining.HighChart", "PPSDotNetInternshipTraining.HighChart\PPSDotNetInternshipTraining.HighChart.csproj", "{E87AB986-1B23-4AFD-BE7B-CE4DB9946733}"
EndProject
Project("{FAE04EC0-301F-11D3-BF4B-00C04F79EFBC}") = "PPSDotNetInternshipTraining.Blazor.App", "PPSDotNetInternshipTraining.Blazor.App\PPSDotNetInternshipTraining.Blazor.App.csproj", "{F35C1D14-C6C2-4C0B-AD4C-17DB4420B1C2}"
EndProject
Global
	GlobalSection(SolutionConfigurationPlatforms) = preSolution
		Debug|Any CPU = Debug|Any CPU
		Release|Any CPU = Release|Any CPU
	EndGlobalSection
	GlobalSection(SolutionProperties) = preSolution
		HideSolutionNode = FALSE
	EndGlobalSection
	GlobalSection(ProjectConfigurationPlatforms) = postSolution
		{B68AE78F-E0A2-4FD3-B407-6148EBEC0779}.Debug|Any CPU.ActiveCfg = Debug|Any CPU
		{B68AE78F-E0A2-4FD3-B407-6148EBEC0779}.Debug|Any CPU.Build.0 = Debug|Any CPU
		{B68AE78F-E0A2-4FD3-B407-6148EBEC0779}.Release|Any CPU.ActiveCfg = Release|Any CPU
		{B68AE78F-E0A2-4FD3-B407-6148EBEC0779}.Release|Any CPU.Build.0 = Release|Any CPU
		{7A0BC3B0-8A0A-4C85-9422-27F563E9E690}.Debug|Any CPU.ActiveCfg = Debug|Any CPU
		{7A0BC3B0-8A0A-4C85-9422-27F563E9E690}.Debug|Any CPU.Build.0 = Debug|Any CPU
		{7A0BC3B0-8A0A-4C85-9422-27F563E9E690}.Release|Any CPU.ActiveCfg = Release|Any CPU
		{7A0BC3B0-8A0A-4C85-9422-27F563E9E690}.Release|Any CPU.Build.0 = Release|Any CPU
		{8AB88BE3-5B21-4656-A3F8-2E2DCDCF7E1A}.Debug|Any CPU.ActiveCfg = Debug|Any CPU
		{8AB88BE3-5B21-4656-A3F8-2E2DCDCF7E1A}.Debug|Any CPU.Build.0 = Debug|Any CPU
		{8AB88BE3-5B21-4656-A3F8-2E2DCDCF7E1A}.Release|Any CPU.ActiveCfg = Release|Any CPU
		{8AB88BE3-5B21-4656-A3F8-2E2DCDCF7E1A}.Release|Any CPU.Build.0 = Release|Any CPU
		{3FF24A18-B721-443B-A3D6-36C5507BCC72}.Debug|Any CPU.ActiveCfg = Debug|Any CPU
		{3FF24A18-B721-443B-A3D6-36C5507BCC72}.Debug|Any CPU.Build.0 = Debug|Any CPU
		{3FF24A18-B721-443B-A3D6-36C5507BCC72}.Release|Any CPU.ActiveCfg = Release|Any CPU
		{3FF24A18-B721-443B-A3D6-36C5507BCC72}.Release|Any CPU.Build.0 = Release|Any CPU
		{BDB238E3-42C4-4514-8BB6-18A82221B759}.Debug|Any CPU.ActiveCfg = Debug|Any CPU
		{BDB238E3-42C4-4514-8BB6-18A82221B759}.Debug|Any CPU.Build.0 = Debug|Any CPU
		{BDB238E3-42C4-4514-8BB6-18A82221B759}.Release|Any CPU.ActiveCfg = Release|Any CPU
		{BDB238E3-42C4-4514-8BB6-18A82221B759}.Release|Any CPU.Build.0 = Release|Any CPU
		{DF42EBD8-D03C-46C3-B7FF-1E59F786862B}.Debug|Any CPU.ActiveCfg = Debug|Any CPU
		{DF42EBD8-D03C-46C3-B7FF-1E59F786862B}.Debug|Any CPU.Build.0 = Debug|Any CPU
		{DF42EBD8-D03C-46C3-B7FF-1E59F786862B}.Release|Any CPU.ActiveCfg = Release|Any CPU
		{DF42EBD8-D03C-46C3-B7FF-1E59F786862B}.Release|Any CPU.Build.0 = Release|Any CPU
		{A9BD7EF7-C53C-4491-B334-87C90469A961}.Debug|Any CPU.ActiveCfg = Debug|Any CPU
		{A9BD7EF7-C53C-4491-B334-87C90469A961}.Debug|Any CPU.Build.0 = Debug|Any CPU
		{A9BD7EF7-C53C-4491-B334-87C90469A961}.Release|Any CPU.ActiveCfg = Release|Any CPU
		{A9BD7EF7-C53C-4491-B334-87C90469A961}.Release|Any CPU.Build.0 = Release|Any CPU
		{C222684E-7542-415F-9A95-A5A13537010C}.Debug|Any CPU.ActiveCfg = Debug|Any CPU
		{C222684E-7542-415F-9A95-A5A13537010C}.Debug|Any CPU.Build.0 = Debug|Any CPU
		{C222684E-7542-415F-9A95-A5A13537010C}.Release|Any CPU.ActiveCfg = Release|Any CPU
		{C222684E-7542-415F-9A95-A5A13537010C}.Release|Any CPU.Build.0 = Release|Any CPU
		{63BD4547-BFFF-4702-8748-63A70A7B0163}.Debug|Any CPU.ActiveCfg = Debug|Any CPU
		{63BD4547-BFFF-4702-8748-63A70A7B0163}.Debug|Any CPU.Build.0 = Debug|Any CPU
		{63BD4547-BFFF-4702-8748-63A70A7B0163}.Release|Any CPU.ActiveCfg = Release|Any CPU
		{63BD4547-BFFF-4702-8748-63A70A7B0163}.Release|Any CPU.Build.0 = Release|Any CPU
		{CD502605-2488-417A-BF36-C3AA8B577228}.Debug|Any CPU.ActiveCfg = Debug|Any CPU
		{CD502605-2488-417A-BF36-C3AA8B577228}.Debug|Any CPU.Build.0 = Debug|Any CPU
		{CD502605-2488-417A-BF36-C3AA8B577228}.Release|Any CPU.ActiveCfg = Release|Any CPU
		{CD502605-2488-417A-BF36-C3AA8B577228}.Release|Any CPU.Build.0 = Release|Any CPU
		{378A2E98-B7B5-4315-99CA-7B37633860F8}.Debug|Any CPU.ActiveCfg = Debug|Any CPU
		{378A2E98-B7B5-4315-99CA-7B37633860F8}.Debug|Any CPU.Build.0 = Debug|Any CPU
		{378A2E98-B7B5-4315-99CA-7B37633860F8}.Release|Any CPU.ActiveCfg = Release|Any CPU
		{378A2E98-B7B5-4315-99CA-7B37633860F8}.Release|Any CPU.Build.0 = Release|Any CPU
		{7E46BBC3-4427-4B84-83F3-61FDB0BE473D}.Debug|Any CPU.ActiveCfg = Debug|Any CPU
		{7E46BBC3-4427-4B84-83F3-61FDB0BE473D}.Debug|Any CPU.Build.0 = Debug|Any CPU
		{7E46BBC3-4427-4B84-83F3-61FDB0BE473D}.Release|Any CPU.ActiveCfg = Release|Any CPU
		{7E46BBC3-4427-4B84-83F3-61FDB0BE473D}.Release|Any CPU.Build.0 = Release|Any CPU
		{E87AB986-1B23-4AFD-BE7B-CE4DB9946733}.Debug|Any CPU.ActiveCfg = Debug|Any CPU
		{E87AB986-1B23-4AFD-BE7B-CE4DB9946733}.Debug|Any CPU.Build.0 = Debug|Any CPU
		{E87AB986-1B23-4AFD-BE7B-CE4DB9946733}.Release|Any CPU.ActiveCfg = Release|Any CPU
		{E87AB986-1B23-4AFD-BE7B-CE4DB9946733}.Release|Any CPU.Build.0 = Release|Any CPU
		{F35C1D14-C6C2-4C0B-AD4C-17DB4420B1C2}.Debug|Any CPU.ActiveCfg = Debug|Any CPU
		{F35C1D14-C6C2-4C0B-AD4C-17DB4420B1C2}.Debug|Any CPU.Build.0 = Debug|Any CPU
		{F35C1D14-C6C2-4C0B-AD4C-17DB4420B1C2}.Release|Any CPU.ActiveCfg = Release|Any CPU
		{F35C1D14-C6C2-4C0B-AD4C-17DB4420B1C2}.Release|Any CPU.Build.0 = Release|Any CPU
	EndGlobalSection
EndGlobal
